
Microsoft Visual Studio Solution File, Format Version 12.00
# Visual Studio Version 16
VisualStudioVersion = 16.0.31515.178
MinimumVisualStudioVersion = 10.0.40219.1
Project("{FAE04EC0-301F-11D3-BF4B-00C04F79EFBC}") = "lab3.2", "lab3.2.csproj", "{DF953DD4-C088-4C4C-9EC0-B00BC80DFDDE}"
EndProject
Global
	GlobalSection(SolutionConfigurationPlatforms) = preSolution
		Debug|Any CPU = Debug|Any CPU
		Release|Any CPU = Release|Any CPU
	EndGlobalSection
	GlobalSection(ProjectConfigurationPlatforms) = postSolution
		{DF953DD4-C088-4C4C-9EC0-B00BC80DFDDE}.Debug|Any CPU.ActiveCfg = Debug|Any CPU
		{DF953DD4-C088-4C4C-9EC0-B00BC80DFDDE}.Debug|Any CPU.Build.0 = Debug|Any CPU
		{DF953DD4-C088-4C4C-9EC0-B00BC80DFDDE}.Release|Any CPU.ActiveCfg = Release|Any CPU
		{DF953DD4-C088-4C4C-9EC0-B00BC80DFDDE}.Release|Any CPU.Build.0 = Release|Any CPU
	EndGlobalSection
	GlobalSection(SolutionProperties) = preSolution
		HideSolutionNode = FALSE
	EndGlobalSection
	GlobalSection(ExtensibilityGlobals) = postSolution
		SolutionGuid = {D9183AB3-DD1F-4438-89AA-804969F83C06}
	EndGlobalSection
EndGlobal
